
Microsoft Visual Studio Solution File, Format Version 12.00
# Visual Studio 15
VisualStudioVersion = 15.0.28010.2003
MinimumVisualStudioVersion = 10.0.40219.1
Project("{151D2E53-A2C4-4D7D-83FE-D05416EBD58E}") = "AGFMultipleVMs", "AGFMultipleVMs\AGFMultipleVMs.deployproj", "{7CF8DF9A-FC0A-4CB9-B3DA-F70C66CAB6B2}"
EndProject
Global
	GlobalSection(SolutionConfigurationPlatforms) = preSolution
		Debug|Any CPU = Debug|Any CPU
		Release|Any CPU = Release|Any CPU
	EndGlobalSection
	GlobalSection(ProjectConfigurationPlatforms) = postSolution
		{7CF8DF9A-FC0A-4CB9-B3DA-F70C66CAB6B2}.Debug|Any CPU.ActiveCfg = Debug|Any CPU
		{7CF8DF9A-FC0A-4CB9-B3DA-F70C66CAB6B2}.Debug|Any CPU.Build.0 = Debug|Any CPU
		{7CF8DF9A-FC0A-4CB9-B3DA-F70C66CAB6B2}.Release|Any CPU.ActiveCfg = Release|Any CPU
		{7CF8DF9A-FC0A-4CB9-B3DA-F70C66CAB6B2}.Release|Any CPU.Build.0 = Release|Any CPU
	EndGlobalSection
	GlobalSection(SolutionProperties) = preSolution
		HideSolutionNode = FALSE
	EndGlobalSection
	GlobalSection(ExtensibilityGlobals) = postSolution
		SolutionGuid = {D734D5CE-9C13-4283-A951-E481172707E8}
	EndGlobalSection
EndGlobal
